
Microsoft Visual Studio Solution File, Format Version 12.00
# Visual Studio Version 16
VisualStudioVersion = 16.0.33801.447
MinimumVisualStudioVersion = 10.0.40219.1
Project("{FAE04EC0-301F-11D3-BF4B-00C04F79EFBC}") = "ClassMethodAssignment", "ClassMethodAssignment\ClassMethodAssignment.csproj", "{927B63B4-D365-48A5-A184-B4EE96F91EC6}"
EndProject
Global
	GlobalSection(SolutionConfigurationPlatforms) = preSolution
		Debug|Any CPU = Debug|Any CPU
		Release|Any CPU = Release|Any CPU
	EndGlobalSection
	GlobalSection(ProjectConfigurationPlatforms) = postSolution
		{927B63B4-D365-48A5-A184-B4EE96F91EC6}.Debug|Any CPU.ActiveCfg = Debug|Any CPU
		{927B63B4-D365-48A5-A184-B4EE96F91EC6}.Debug|Any CPU.Build.0 = Debug|Any CPU
		{927B63B4-D365-48A5-A184-B4EE96F91EC6}.Release|Any CPU.ActiveCfg = Release|Any CPU
		{927B63B4-D365-48A5-A184-B4EE96F91EC6}.Release|Any CPU.Build.0 = Release|Any CPU
	EndGlobalSection
	GlobalSection(SolutionProperties) = preSolution
		HideSolutionNode = FALSE
	EndGlobalSection
	GlobalSection(ExtensibilityGlobals) = postSolution
		SolutionGuid = {11887487-E4CF-4693-B880-25D26EB4A451}
	EndGlobalSection
EndGlobal
