
Microsoft Visual Studio Solution File, Format Version 12.00
# Visual Studio Version 16
VisualStudioVersion = 16.0.33801.447
MinimumVisualStudioVersion = 10.0.40219.1
Project("{FAE04EC0-301F-11D3-BF4B-00C04F79EFBC}") = "ArrayAssignment", "ArrayAssignment\ArrayAssignment.csproj", "{772BD179-6A26-4905-9157-C5FBC5E808F3}"
EndProject
Global
	GlobalSection(SolutionConfigurationPlatforms) = preSolution
		Debug|Any CPU = Debug|Any CPU
		Release|Any CPU = Release|Any CPU
	EndGlobalSection
	GlobalSection(ProjectConfigurationPlatforms) = postSolution
		{772BD179-6A26-4905-9157-C5FBC5E808F3}.Debug|Any CPU.ActiveCfg = Debug|Any CPU
		{772BD179-6A26-4905-9157-C5FBC5E808F3}.Debug|Any CPU.Build.0 = Debug|Any CPU
		{772BD179-6A26-4905-9157-C5FBC5E808F3}.Release|Any CPU.ActiveCfg = Release|Any CPU
		{772BD179-6A26-4905-9157-C5FBC5E808F3}.Release|Any CPU.Build.0 = Release|Any CPU
	EndGlobalSection
	GlobalSection(SolutionProperties) = preSolution
		HideSolutionNode = FALSE
	EndGlobalSection
	GlobalSection(ExtensibilityGlobals) = postSolution
		SolutionGuid = {F73F018D-A2A5-453E-A65C-302BC4D38794}
	EndGlobalSection
EndGlobal
