
Microsoft Visual Studio Solution File, Format Version 12.00
# Visual Studio Version 16
VisualStudioVersion = 16.0.33801.447
MinimumVisualStudioVersion = 10.0.40219.1
Project("{FAE04EC0-301F-11D3-BF4B-00C04F79EFBC}") = "MethodAssignment2", "MethodAssignment2\MethodAssignment2.csproj", "{A7195D96-3543-4079-A13F-1981C98780AE}"
EndProject
Global
	GlobalSection(SolutionConfigurationPlatforms) = preSolution
		Debug|Any CPU = Debug|Any CPU
		Release|Any CPU = Release|Any CPU
	EndGlobalSection
	GlobalSection(ProjectConfigurationPlatforms) = postSolution
		{A7195D96-3543-4079-A13F-1981C98780AE}.Debug|Any CPU.ActiveCfg = Debug|Any CPU
		{A7195D96-3543-4079-A13F-1981C98780AE}.Debug|Any CPU.Build.0 = Debug|Any CPU
		{A7195D96-3543-4079-A13F-1981C98780AE}.Release|Any CPU.ActiveCfg = Release|Any CPU
		{A7195D96-3543-4079-A13F-1981C98780AE}.Release|Any CPU.Build.0 = Release|Any CPU
	EndGlobalSection
	GlobalSection(SolutionProperties) = preSolution
		HideSolutionNode = FALSE
	EndGlobalSection
	GlobalSection(ExtensibilityGlobals) = postSolution
		SolutionGuid = {A0E6236E-75CC-4708-870C-A8B457D0FC49}
	EndGlobalSection
EndGlobal
