
Microsoft Visual Studio Solution File, Format Version 12.00
# Visual Studio Version 16
VisualStudioVersion = 16.0.33801.447
MinimumVisualStudioVersion = 10.0.40219.1
Project("{FAE04EC0-301F-11D3-BF4B-00C04F79EFBC}") = "AbstractClassAssignment", "AbstractClassAssignment\AbstractClassAssignment.csproj", "{69E97010-2EFB-4F50-9438-EFB06B4B6EF0}"
EndProject
Project("{FAE04EC0-301F-11D3-BF4B-00C04F79EFBC}") = "TwentyOne", "..\TwentyOne\TwentyOne\TwentyOne.csproj", "{7F58932D-3F8F-4097-9FE3-B3AEC05433FE}"
EndProject
Global
	GlobalSection(SolutionConfigurationPlatforms) = preSolution
		Debug|Any CPU = Debug|Any CPU
		Release|Any CPU = Release|Any CPU
	EndGlobalSection
	GlobalSection(ProjectConfigurationPlatforms) = postSolution
		{69E97010-2EFB-4F50-9438-EFB06B4B6EF0}.Debug|Any CPU.ActiveCfg = Debug|Any CPU
		{69E97010-2EFB-4F50-9438-EFB06B4B6EF0}.Debug|Any CPU.Build.0 = Debug|Any CPU
		{69E97010-2EFB-4F50-9438-EFB06B4B6EF0}.Release|Any CPU.ActiveCfg = Release|Any CPU
		{69E97010-2EFB-4F50-9438-EFB06B4B6EF0}.Release|Any CPU.Build.0 = Release|Any CPU
		{7F58932D-3F8F-4097-9FE3-B3AEC05433FE}.Debug|Any CPU.ActiveCfg = Debug|Any CPU
		{7F58932D-3F8F-4097-9FE3-B3AEC05433FE}.Debug|Any CPU.Build.0 = Debug|Any CPU
		{7F58932D-3F8F-4097-9FE3-B3AEC05433FE}.Release|Any CPU.ActiveCfg = Release|Any CPU
		{7F58932D-3F8F-4097-9FE3-B3AEC05433FE}.Release|Any CPU.Build.0 = Release|Any CPU
	EndGlobalSection
	GlobalSection(SolutionProperties) = preSolution
		HideSolutionNode = FALSE
	EndGlobalSection
	GlobalSection(ExtensibilityGlobals) = postSolution
		SolutionGuid = {9F44AEE6-571B-439C-B6AE-999CC8D127EE}
	EndGlobalSection
EndGlobal
