
Microsoft Visual Studio Solution File, Format Version 12.00
# Visual Studio Version 16
VisualStudioVersion = 16.0.33801.447
MinimumVisualStudioVersion = 10.0.40219.1
Project("{FAE04EC0-301F-11D3-BF4B-00C04F79EFBC}") = "PackageExpress", "PackageExpress\PackageExpress.csproj", "{5548447E-DFFB-481D-8BB9-7FADBA8F653D}"
EndProject
Global
	GlobalSection(SolutionConfigurationPlatforms) = preSolution
		Debug|Any CPU = Debug|Any CPU
		Release|Any CPU = Release|Any CPU
	EndGlobalSection
	GlobalSection(ProjectConfigurationPlatforms) = postSolution
		{5548447E-DFFB-481D-8BB9-7FADBA8F653D}.Debug|Any CPU.ActiveCfg = Debug|Any CPU
		{5548447E-DFFB-481D-8BB9-7FADBA8F653D}.Debug|Any CPU.Build.0 = Debug|Any CPU
		{5548447E-DFFB-481D-8BB9-7FADBA8F653D}.Release|Any CPU.ActiveCfg = Release|Any CPU
		{5548447E-DFFB-481D-8BB9-7FADBA8F653D}.Release|Any CPU.Build.0 = Release|Any CPU
	EndGlobalSection
	GlobalSection(SolutionProperties) = preSolution
		HideSolutionNode = FALSE
	EndGlobalSection
	GlobalSection(ExtensibilityGlobals) = postSolution
		SolutionGuid = {AA841F8A-6CF7-483D-B6EA-B47BABFDBF6F}
	EndGlobalSection
EndGlobal
