
Microsoft Visual Studio Solution File, Format Version 12.00
# Visual Studio 15
Project("{FAE04EC0-301F-11D3-BF4B-00C04F79EFBC}") = "Assembly-CSharp-firstpass", "Assembly-CSharp-firstpass.csproj", "{A7DC5C52-7AA6-9137-A4B5-F990B2FA0455}"
EndProject
Project("{FAE04EC0-301F-11D3-BF4B-00C04F79EFBC}") = "Assembly-CSharp", "Assembly-CSharp.csproj", "{B9AC2423-A9F1-86FF-480E-81E61C99C5F7}"
EndProject
Global
	GlobalSection(SolutionConfigurationPlatforms) = preSolution
		Debug|Any CPU = Debug|Any CPU
		Release|Any CPU = Release|Any CPU
	EndGlobalSection
	GlobalSection(ProjectConfigurationPlatforms) = postSolution
		{A7DC5C52-7AA6-9137-A4B5-F990B2FA0455}.Debug|Any CPU.ActiveCfg = Debug|Any CPU
		{A7DC5C52-7AA6-9137-A4B5-F990B2FA0455}.Debug|Any CPU.Build.0 = Debug|Any CPU
		{A7DC5C52-7AA6-9137-A4B5-F990B2FA0455}.Release|Any CPU.ActiveCfg = Release|Any CPU
		{A7DC5C52-7AA6-9137-A4B5-F990B2FA0455}.Release|Any CPU.Build.0 = Release|Any CPU
		{B9AC2423-A9F1-86FF-480E-81E61C99C5F7}.Debug|Any CPU.ActiveCfg = Debug|Any CPU
		{B9AC2423-A9F1-86FF-480E-81E61C99C5F7}.Debug|Any CPU.Build.0 = Debug|Any CPU
		{B9AC2423-A9F1-86FF-480E-81E61C99C5F7}.Release|Any CPU.ActiveCfg = Release|Any CPU
		{B9AC2423-A9F1-86FF-480E-81E61C99C5F7}.Release|Any CPU.Build.0 = Release|Any CPU
	EndGlobalSection
	GlobalSection(SolutionProperties) = preSolution
		HideSolutionNode = FALSE
	EndGlobalSection
EndGlobal
