
Microsoft Visual Studio Solution File, Format Version 12.00
# Visual Studio Version 16
VisualStudioVersion = 16.0.33801.447
MinimumVisualStudioVersion = 10.0.40219.1
Project("{FAE04EC0-301F-11D3-BF4B-00C04F79EFBC}") = "IterationAssignment", "IterationAssignment\IterationAssignment.csproj", "{32AF1F1A-3F39-45C4-80A8-36250D6DE7FD}"
EndProject
Global
	GlobalSection(SolutionConfigurationPlatforms) = preSolution
		Debug|Any CPU = Debug|Any CPU
		Release|Any CPU = Release|Any CPU
	EndGlobalSection
	GlobalSection(ProjectConfigurationPlatforms) = postSolution
		{32AF1F1A-3F39-45C4-80A8-36250D6DE7FD}.Debug|Any CPU.ActiveCfg = Debug|Any CPU
		{32AF1F1A-3F39-45C4-80A8-36250D6DE7FD}.Debug|Any CPU.Build.0 = Debug|Any CPU
		{32AF1F1A-3F39-45C4-80A8-36250D6DE7FD}.Release|Any CPU.ActiveCfg = Release|Any CPU
		{32AF1F1A-3F39-45C4-80A8-36250D6DE7FD}.Release|Any CPU.Build.0 = Release|Any CPU
	EndGlobalSection
	GlobalSection(SolutionProperties) = preSolution
		HideSolutionNode = FALSE
	EndGlobalSection
	GlobalSection(ExtensibilityGlobals) = postSolution
		SolutionGuid = {F5FF2949-3C6D-4748-8C46-54E654AE999A}
	EndGlobalSection
EndGlobal
